// !$*UTF8*$!
{
	archiveVersion = 1;
	classes = {
	};
	objectVersion = 56;
	objects = {

/* Begin PBXBuildFile section */
		0C0B6AD02CB5472B00C94DAD /* NavView.swift in Sources */ = {isa = PBXBuildFile; fileRef = 0C0B6ACF2CB5472B00C94DAD /* NavView.swift */; };
		0C0B6AD12CB5472B00C94DAD /* NavView.swift in Sources */ = {isa = PBXBuildFile; fileRef = 0C0B6ACF2CB5472B00C94DAD /* NavView.swift */; };
		0C0B6AD22CB5472B00C94DAD /* NavView.swift in Sources */ = {isa = PBXBuildFile; fileRef = 0C0B6ACF2CB5472B00C94DAD /* NavView.swift */; };
		0C0B6AD42CB548C500C94DAD /* NavBarView.swift in Sources */ = {isa = PBXBuildFile; fileRef = 0C0B6AD32CB548C500C94DAD /* NavBarView.swift */; };
		0C0B6AD52CB548C500C94DAD /* NavBarView.swift in Sources */ = {isa = PBXBuildFile; fileRef = 0C0B6AD32CB548C500C94DAD /* NavBarView.swift */; };
		0C0B6AD62CB548C500C94DAD /* NavBarView.swift in Sources */ = {isa = PBXBuildFile; fileRef = 0C0B6AD32CB548C500C94DAD /* NavBarView.swift */; };
		0C0B6AD82CB5495A00C94DAD /* NavBarConainer.swift in Sources */ = {isa = PBXBuildFile; fileRef = 0C0B6AD72CB5495A00C94DAD /* NavBarConainer.swift */; };
		0C0B6AD92CB5495A00C94DAD /* NavBarConainer.swift in Sources */ = {isa = PBXBuildFile; fileRef = 0C0B6AD72CB5495A00C94DAD /* NavBarConainer.swift */; };
		0C0B6ADA2CB5495A00C94DAD /* NavBarConainer.swift in Sources */ = {isa = PBXBuildFile; fileRef = 0C0B6AD72CB5495A00C94DAD /* NavBarConainer.swift */; };
		0C0B6ADC2CB54DEC00C94DAD /* NavLink.swift in Sources */ = {isa = PBXBuildFile; fileRef = 0C0B6ADB2CB54DEC00C94DAD /* NavLink.swift */; };
		0C0B6ADD2CB54DEC00C94DAD /* NavLink.swift in Sources */ = {isa = PBXBuildFile; fileRef = 0C0B6ADB2CB54DEC00C94DAD /* NavLink.swift */; };
		0C0B6ADE2CB54DEC00C94DAD /* NavLink.swift in Sources */ = {isa = PBXBuildFile; fileRef = 0C0B6ADB2CB54DEC00C94DAD /* NavLink.swift */; };
		0C0B6AE42CB6803D00C94DAD /* NavPreferenceKey.swift in Sources */ = {isa = PBXBuildFile; fileRef = 0C0B6AE32CB6803D00C94DAD /* NavPreferenceKey.swift */; };
		0C0B6AE52CB6803D00C94DAD /* NavPreferenceKey.swift in Sources */ = {isa = PBXBuildFile; fileRef = 0C0B6AE32CB6803D00C94DAD /* NavPreferenceKey.swift */; };
		0C0B6AE62CB6803D00C94DAD /* NavPreferenceKey.swift in Sources */ = {isa = PBXBuildFile; fileRef = 0C0B6AE32CB6803D00C94DAD /* NavPreferenceKey.swift */; };
		0C0B6AE82CBAAEE800C94DAD /* PropertDetailsViewModel.swift in Sources */ = {isa = PBXBuildFile; fileRef = 0C0B6AE72CBAAEE800C94DAD /* PropertDetailsViewModel.swift */; };
		0C0B6AE92CBAAEE800C94DAD /* PropertDetailsViewModel.swift in Sources */ = {isa = PBXBuildFile; fileRef = 0C0B6AE72CBAAEE800C94DAD /* PropertDetailsViewModel.swift */; };
		0C0B6AEA2CBAAEE800C94DAD /* PropertDetailsViewModel.swift in Sources */ = {isa = PBXBuildFile; fileRef = 0C0B6AE72CBAAEE800C94DAD /* PropertDetailsViewModel.swift */; };
		0C0B6AEC2CBD0C2200C94DAD /* PropertyDetailsViewModel.swift in Sources */ = {isa = PBXBuildFile; fileRef = 0C0B6AEB2CBD0C2200C94DAD /* PropertyDetailsViewModel.swift */; };
		0C0B6AED2CBD0C2200C94DAD /* PropertyDetailsViewModel.swift in Sources */ = {isa = PBXBuildFile; fileRef = 0C0B6AEB2CBD0C2200C94DAD /* PropertyDetailsViewModel.swift */; };
		0C0B6AEE2CBD0C2200C94DAD /* PropertyDetailsViewModel.swift in Sources */ = {isa = PBXBuildFile; fileRef = 0C0B6AEB2CBD0C2200C94DAD /* PropertyDetailsViewModel.swift */; };
		0C3B217A2CCAA65800179174 /* AgentImageCircleView.swift in Sources */ = {isa = PBXBuildFile; fileRef = 0C3B21792CCAA65800179174 /* AgentImageCircleView.swift */; };
		0C3B217B2CCAA65800179174 /* AgentImageCircleView.swift in Sources */ = {isa = PBXBuildFile; fileRef = 0C3B21792CCAA65800179174 /* AgentImageCircleView.swift */; };
		0C3B217C2CCAA65800179174 /* AgentImageCircleView.swift in Sources */ = {isa = PBXBuildFile; fileRef = 0C3B21792CCAA65800179174 /* AgentImageCircleView.swift */; };
		0C3B217E2CCAA69600179174 /* PropertyFeature.swift in Sources */ = {isa = PBXBuildFile; fileRef = 0C3B217D2CCAA69600179174 /* PropertyFeature.swift */; };
		0C3B217F2CCAA69600179174 /* PropertyFeature.swift in Sources */ = {isa = PBXBuildFile; fileRef = 0C3B217D2CCAA69600179174 /* PropertyFeature.swift */; };
		0C3B21802CCAA69600179174 /* PropertyFeature.swift in Sources */ = {isa = PBXBuildFile; fileRef = 0C3B217D2CCAA69600179174 /* PropertyFeature.swift */; };
		0C3B21822CCAA6D900179174 /* PropertyImageview.swift in Sources */ = {isa = PBXBuildFile; fileRef = 0C3B21812CCAA6D900179174 /* PropertyImageview.swift */; };
		0C3B21832CCAA6D900179174 /* PropertyImageview.swift in Sources */ = {isa = PBXBuildFile; fileRef = 0C3B21812CCAA6D900179174 /* PropertyImageview.swift */; };
		0C3B21842CCAA6D900179174 /* PropertyImageview.swift in Sources */ = {isa = PBXBuildFile; fileRef = 0C3B21812CCAA6D900179174 /* PropertyImageview.swift */; };
		0C3B21862CCAA6FA00179174 /* CircleImage.swift in Sources */ = {isa = PBXBuildFile; fileRef = 0C3B21852CCAA6FA00179174 /* CircleImage.swift */; };
		0C3B21872CCAA6FA00179174 /* CircleImage.swift in Sources */ = {isa = PBXBuildFile; fileRef = 0C3B21852CCAA6FA00179174 /* CircleImage.swift */; };
		0C3B21882CCAA6FA00179174 /* CircleImage.swift in Sources */ = {isa = PBXBuildFile; fileRef = 0C3B21852CCAA6FA00179174 /* CircleImage.swift */; };
		0C3B218A2CCAA74A00179174 /* PropertyTypeFeature.swift in Sources */ = {isa = PBXBuildFile; fileRef = 0C3B21892CCAA74A00179174 /* PropertyTypeFeature.swift */; };
		0C3B218B2CCAA74A00179174 /* PropertyTypeFeature.swift in Sources */ = {isa = PBXBuildFile; fileRef = 0C3B21892CCAA74A00179174 /* PropertyTypeFeature.swift */; };
		0C3B218C2CCAA74A00179174 /* PropertyTypeFeature.swift in Sources */ = {isa = PBXBuildFile; fileRef = 0C3B21892CCAA74A00179174 /* PropertyTypeFeature.swift */; };
		0C3B218E2CCAA79200179174 /* CustomTextView.swift in Sources */ = {isa = PBXBuildFile; fileRef = 0C3B218D2CCAA79200179174 /* CustomTextView.swift */; };
		0C3B218F2CCAA79200179174 /* CustomTextView.swift in Sources */ = {isa = PBXBuildFile; fileRef = 0C3B218D2CCAA79200179174 /* CustomTextView.swift */; };
		0C3B21902CCAA79200179174 /* CustomTextView.swift in Sources */ = {isa = PBXBuildFile; fileRef = 0C3B218D2CCAA79200179174 /* CustomTextView.swift */; };
		0C3B21922CCAA7B600179174 /* ContactPropertyView.swift in Sources */ = {isa = PBXBuildFile; fileRef = 0C3B21912CCAA7B600179174 /* ContactPropertyView.swift */; };
		0C3B21932CCAA7B600179174 /* ContactPropertyView.swift in Sources */ = {isa = PBXBuildFile; fileRef = 0C3B21912CCAA7B600179174 /* ContactPropertyView.swift */; };
		0C3B21942CCAA7B600179174 /* ContactPropertyView.swift in Sources */ = {isa = PBXBuildFile; fileRef = 0C3B21912CCAA7B600179174 /* ContactPropertyView.swift */; };
		0C926E332CD236C800CF5286 /* MenuDropDown.swift in Sources */ = {isa = PBXBuildFile; fileRef = 0C926E322CD236C800CF5286 /* MenuDropDown.swift */; };
		0C926E342CD236C800CF5286 /* MenuDropDown.swift in Sources */ = {isa = PBXBuildFile; fileRef = 0C926E322CD236C800CF5286 /* MenuDropDown.swift */; };
		0C926E352CD236C800CF5286 /* MenuDropDown.swift in Sources */ = {isa = PBXBuildFile; fileRef = 0C926E322CD236C800CF5286 /* MenuDropDown.swift */; };
		0CA927F22CB2C06500F203DF /* GuestDashboardViewModel.swift in Sources */ = {isa = PBXBuildFile; fileRef = 0CA927F12CB2C06500F203DF /* GuestDashboardViewModel.swift */; };
		0CA927F32CB2C06500F203DF /* GuestDashboardViewModel.swift in Sources */ = {isa = PBXBuildFile; fileRef = 0CA927F12CB2C06500F203DF /* GuestDashboardViewModel.swift */; };
		0CA927F52CB2E59800F203DF /* PropertyDetailview.swift in Sources */ = {isa = PBXBuildFile; fileRef = 0CA927F42CB2E59800F203DF /* PropertyDetailview.swift */; };
		0CA927F62CB2E59800F203DF /* PropertyDetailview.swift in Sources */ = {isa = PBXBuildFile; fileRef = 0CA927F42CB2E59800F203DF /* PropertyDetailview.swift */; };
		0CA927F72CB2E59800F203DF /* PropertyDetailview.swift in Sources */ = {isa = PBXBuildFile; fileRef = 0CA927F42CB2E59800F203DF /* PropertyDetailview.swift */; };
		0CA927F82CB3122200F203DF /* GuestDashboardViewModel.swift in Sources */ = {isa = PBXBuildFile; fileRef = 0CA927F12CB2C06500F203DF /* GuestDashboardViewModel.swift */; };
		0CA927F92CB3122900F203DF /* PropertyListView.swift in Sources */ = {isa = PBXBuildFile; fileRef = 0CEB59C92CB0080700B995F8 /* PropertyListView.swift */; };
		0CEB598D2CB007E400B995F8 /* PropertyFinderApp.swift in Sources */ = {isa = PBXBuildFile; fileRef = 0CEB598C2CB007E400B995F8 /* PropertyFinderApp.swift */; };
		0CEB59912CB007E500B995F8 /* Assets.xcassets in Resources */ = {isa = PBXBuildFile; fileRef = 0CEB59902CB007E500B995F8 /* Assets.xcassets */; };
		0CEB59942CB007E500B995F8 /* Preview Assets.xcassets in Resources */ = {isa = PBXBuildFile; fileRef = 0CEB59932CB007E500B995F8 /* Preview Assets.xcassets */; };
		0CEB599E2CB007E500B995F8 /* PropertyFinderTests.swift in Sources */ = {isa = PBXBuildFile; fileRef = 0CEB599D2CB007E500B995F8 /* PropertyFinderTests.swift */; };
		0CEB59A82CB007E500B995F8 /* PropertyFinderUITests.swift in Sources */ = {isa = PBXBuildFile; fileRef = 0CEB59A72CB007E500B995F8 /* PropertyFinderUITests.swift */; };
		0CEB59AA2CB007E500B995F8 /* PropertyFinderUITestsLaunchTests.swift in Sources */ = {isa = PBXBuildFile; fileRef = 0CEB59A92CB007E500B995F8 /* PropertyFinderUITestsLaunchTests.swift */; };
		0CEB59CB2CB0080700B995F8 /* BundleExtension.swift in Sources */ = {isa = PBXBuildFile; fileRef = 0CEB59B62CB0080600B995F8 /* BundleExtension.swift */; };
		0CEB59CC2CB0080700B995F8 /* BundleExtension.swift in Sources */ = {isa = PBXBuildFile; fileRef = 0CEB59B62CB0080600B995F8 /* BundleExtension.swift */; };
		0CEB59CD2CB0080700B995F8 /* BundleExtension.swift in Sources */ = {isa = PBXBuildFile; fileRef = 0CEB59B62CB0080600B995F8 /* BundleExtension.swift */; };
		0CEB59CE2CB0080700B995F8 /* Utils.swift in Sources */ = {isa = PBXBuildFile; fileRef = 0CEB59B72CB0080600B995F8 /* Utils.swift */; };
		0CEB59CF2CB0080700B995F8 /* Utils.swift in Sources */ = {isa = PBXBuildFile; fileRef = 0CEB59B72CB0080600B995F8 /* Utils.swift */; };
		0CEB59D02CB0080700B995F8 /* Utils.swift in Sources */ = {isa = PBXBuildFile; fileRef = 0CEB59B72CB0080600B995F8 /* Utils.swift */; };
		0CEB59D12CB0080700B995F8 /* PropertyViewModel.swift in Sources */ = {isa = PBXBuildFile; fileRef = 0CEB59B92CB0080600B995F8 /* PropertyViewModel.swift */; };
		0CEB59D22CB0080700B995F8 /* PropertyViewModel.swift in Sources */ = {isa = PBXBuildFile; fileRef = 0CEB59B92CB0080600B995F8 /* PropertyViewModel.swift */; };
		0CEB59D32CB0080700B995F8 /* PropertyViewModel.swift in Sources */ = {isa = PBXBuildFile; fileRef = 0CEB59B92CB0080600B995F8 /* PropertyViewModel.swift */; };
		0CEB59D42CB0080700B995F8 /* Property.swift in Sources */ = {isa = PBXBuildFile; fileRef = 0CEB59BB2CB0080600B995F8 /* Property.swift */; };
		0CEB59D52CB0080700B995F8 /* Property.swift in Sources */ = {isa = PBXBuildFile; fileRef = 0CEB59BB2CB0080600B995F8 /* Property.swift */; };
		0CEB59D62CB0080700B995F8 /* Property.swift in Sources */ = {isa = PBXBuildFile; fileRef = 0CEB59BB2CB0080600B995F8 /* Property.swift */; };
		0CEB59D72CB0080700B995F8 /* ButtonSegment.swift in Sources */ = {isa = PBXBuildFile; fileRef = 0CEB59BD2CB0080700B995F8 /* ButtonSegment.swift */; };
		0CEB59D82CB0080700B995F8 /* ButtonSegment.swift in Sources */ = {isa = PBXBuildFile; fileRef = 0CEB59BD2CB0080700B995F8 /* ButtonSegment.swift */; };
		0CEB59D92CB0080700B995F8 /* ButtonSegment.swift in Sources */ = {isa = PBXBuildFile; fileRef = 0CEB59BD2CB0080700B995F8 /* ButtonSegment.swift */; };
		0CEB59DA2CB0080700B995F8 /* HeaderView.swift in Sources */ = {isa = PBXBuildFile; fileRef = 0CEB59BE2CB0080700B995F8 /* HeaderView.swift */; };
		0CEB59DB2CB0080700B995F8 /* HeaderView.swift in Sources */ = {isa = PBXBuildFile; fileRef = 0CEB59BE2CB0080700B995F8 /* HeaderView.swift */; };
		0CEB59DC2CB0080700B995F8 /* HeaderView.swift in Sources */ = {isa = PBXBuildFile; fileRef = 0CEB59BE2CB0080700B995F8 /* HeaderView.swift */; };
		0CEB59DD2CB0080700B995F8 /* Searchbar.swift in Sources */ = {isa = PBXBuildFile; fileRef = 0CEB59BF2CB0080700B995F8 /* Searchbar.swift */; };
		0CEB59DE2CB0080700B995F8 /* Searchbar.swift in Sources */ = {isa = PBXBuildFile; fileRef = 0CEB59BF2CB0080700B995F8 /* Searchbar.swift */; };
		0CEB59DF2CB0080700B995F8 /* Searchbar.swift in Sources */ = {isa = PBXBuildFile; fileRef = 0CEB59BF2CB0080700B995F8 /* Searchbar.swift */; };
		0CEB59E02CB0080700B995F8 /* SubHeaderView.swift in Sources */ = {isa = PBXBuildFile; fileRef = 0CEB59C02CB0080700B995F8 /* SubHeaderView.swift */; };
		0CEB59E12CB0080700B995F8 /* SubHeaderView.swift in Sources */ = {isa = PBXBuildFile; fileRef = 0CEB59C02CB0080700B995F8 /* SubHeaderView.swift */; };
		0CEB59E22CB0080700B995F8 /* SubHeaderView.swift in Sources */ = {isa = PBXBuildFile; fileRef = 0CEB59C02CB0080700B995F8 /* SubHeaderView.swift */; };
		0CEB59E32CB0080700B995F8 /* CustomTabBarContainerView.swift in Sources */ = {isa = PBXBuildFile; fileRef = 0CEB59C22CB0080700B995F8 /* CustomTabBarContainerView.swift */; };
		0CEB59E42CB0080700B995F8 /* CustomTabBarContainerView.swift in Sources */ = {isa = PBXBuildFile; fileRef = 0CEB59C22CB0080700B995F8 /* CustomTabBarContainerView.swift */; };
		0CEB59E52CB0080700B995F8 /* CustomTabBarContainerView.swift in Sources */ = {isa = PBXBuildFile; fileRef = 0CEB59C22CB0080700B995F8 /* CustomTabBarContainerView.swift */; };
		0CEB59E62CB0080700B995F8 /* CustomTabBarView.swift in Sources */ = {isa = PBXBuildFile; fileRef = 0CEB59C32CB0080700B995F8 /* CustomTabBarView.swift */; };
		0CEB59E72CB0080700B995F8 /* CustomTabBarView.swift in Sources */ = {isa = PBXBuildFile; fileRef = 0CEB59C32CB0080700B995F8 /* CustomTabBarView.swift */; };
		0CEB59E82CB0080700B995F8 /* CustomTabBarView.swift in Sources */ = {isa = PBXBuildFile; fileRef = 0CEB59C32CB0080700B995F8 /* CustomTabBarView.swift */; };
		0CEB59E92CB0080700B995F8 /* TabBarItem.swift in Sources */ = {isa = PBXBuildFile; fileRef = 0CEB59C42CB0080700B995F8 /* TabBarItem.swift */; };
		0CEB59EA2CB0080700B995F8 /* TabBarItem.swift in Sources */ = {isa = PBXBuildFile; fileRef = 0CEB59C42CB0080700B995F8 /* TabBarItem.swift */; };
		0CEB59EB2CB0080700B995F8 /* TabBarItem.swift in Sources */ = {isa = PBXBuildFile; fileRef = 0CEB59C42CB0080700B995F8 /* TabBarItem.swift */; };
		0CEB59EC2CB0080700B995F8 /* TabBarPreferenceKey.swift in Sources */ = {isa = PBXBuildFile; fileRef = 0CEB59C52CB0080700B995F8 /* TabBarPreferenceKey.swift */; };
		0CEB59ED2CB0080700B995F8 /* TabBarPreferenceKey.swift in Sources */ = {isa = PBXBuildFile; fileRef = 0CEB59C52CB0080700B995F8 /* TabBarPreferenceKey.swift */; };
		0CEB59EE2CB0080700B995F8 /* TabBarPreferenceKey.swift in Sources */ = {isa = PBXBuildFile; fileRef = 0CEB59C52CB0080700B995F8 /* TabBarPreferenceKey.swift */; };
		0CEB59F22CB0080700B995F8 /* GuestDashboard.swift in Sources */ = {isa = PBXBuildFile; fileRef = 0CEB59C82CB0080700B995F8 /* GuestDashboard.swift */; };
		0CEB59F32CB0080700B995F8 /* GuestDashboard.swift in Sources */ = {isa = PBXBuildFile; fileRef = 0CEB59C82CB0080700B995F8 /* GuestDashboard.swift */; };
		0CEB59F42CB0080700B995F8 /* GuestDashboard.swift in Sources */ = {isa = PBXBuildFile; fileRef = 0CEB59C82CB0080700B995F8 /* GuestDashboard.swift */; };
		0CEB59F52CB0080700B995F8 /* PropertyListView.swift in Sources */ = {isa = PBXBuildFile; fileRef = 0CEB59C92CB0080700B995F8 /* PropertyListView.swift */; };
		0CEB59F62CB0080700B995F8 /* PropertyListView.swift in Sources */ = {isa = PBXBuildFile; fileRef = 0CEB59C92CB0080700B995F8 /* PropertyListView.swift */; };
		0CEB59FA2CB0081E00B995F8 /* PropertyJson.json in Resources */ = {isa = PBXBuildFile; fileRef = 0CEB59F82CB0081D00B995F8 /* PropertyJson.json */; };
		0CEB59FB2CB0081E00B995F8 /* PropertyJson.json in Resources */ = {isa = PBXBuildFile; fileRef = 0CEB59F82CB0081D00B995F8 /* PropertyJson.json */; };
		0CEB59FC2CB0081E00B995F8 /* PropertyJson.json in Resources */ = {isa = PBXBuildFile; fileRef = 0CEB59F82CB0081D00B995F8 /* PropertyJson.json */; };
/* End PBXBuildFile section */

/* Begin PBXContainerItemProxy section */
		0CEB599A2CB007E500B995F8 /* PBXContainerItemProxy */ = {
			isa = PBXContainerItemProxy;
			containerPortal = 0CEB59812CB007E400B995F8 /* Project object */;
			proxyType = 1;
			remoteGlobalIDString = 0CEB59882CB007E400B995F8;
			remoteInfo = PropertyFinder;
		};
		0CEB59A42CB007E500B995F8 /* PBXContainerItemProxy */ = {
			isa = PBXContainerItemProxy;
			containerPortal = 0CEB59812CB007E400B995F8 /* Project object */;
			proxyType = 1;
			remoteGlobalIDString = 0CEB59882CB007E400B995F8;
			remoteInfo = PropertyFinder;
		};
/* End PBXContainerItemProxy section */

/* Begin PBXFileReference section */
		0C0B6ACF2CB5472B00C94DAD /* NavView.swift */ = {isa = PBXFileReference; lastKnownFileType = sourcecode.swift; path = NavView.swift; sourceTree = "<group>"; };
		0C0B6AD32CB548C500C94DAD /* NavBarView.swift */ = {isa = PBXFileReference; lastKnownFileType = sourcecode.swift; path = NavBarView.swift; sourceTree = "<group>"; };
		0C0B6AD72CB5495A00C94DAD /* NavBarConainer.swift */ = {isa = PBXFileReference; lastKnownFileType = sourcecode.swift; path = NavBarConainer.swift; sourceTree = "<group>"; };
		0C0B6ADB2CB54DEC00C94DAD /* NavLink.swift */ = {isa = PBXFileReference; lastKnownFileType = sourcecode.swift; path = NavLink.swift; sourceTree = "<group>"; };
		0C0B6AE32CB6803D00C94DAD /* NavPreferenceKey.swift */ = {isa = PBXFileReference; lastKnownFileType = sourcecode.swift; path = NavPreferenceKey.swift; sourceTree = "<group>"; };
		0C0B6AE72CBAAEE800C94DAD /* PropertDetailsViewModel.swift */ = {isa = PBXFileReference; lastKnownFileType = sourcecode.swift; path = PropertDetailsViewModel.swift; sourceTree = "<group>"; };
		0C0B6AEB2CBD0C2200C94DAD /* PropertyDetailsViewModel.swift */ = {isa = PBXFileReference; lastKnownFileType = sourcecode.swift; path = PropertyDetailsViewModel.swift; sourceTree = "<group>"; };
		0C3B21792CCAA65800179174 /* AgentImageCircleView.swift */ = {isa = PBXFileReference; lastKnownFileType = sourcecode.swift; path = AgentImageCircleView.swift; sourceTree = "<group>"; };
		0C3B217D2CCAA69600179174 /* PropertyFeature.swift */ = {isa = PBXFileReference; lastKnownFileType = sourcecode.swift; path = PropertyFeature.swift; sourceTree = "<group>"; };
		0C3B21812CCAA6D900179174 /* PropertyImageview.swift */ = {isa = PBXFileReference; lastKnownFileType = sourcecode.swift; path = PropertyImageview.swift; sourceTree = "<group>"; };
		0C3B21852CCAA6FA00179174 /* CircleImage.swift */ = {isa = PBXFileReference; lastKnownFileType = sourcecode.swift; path = CircleImage.swift; sourceTree = "<group>"; };
		0C3B21892CCAA74A00179174 /* PropertyTypeFeature.swift */ = {isa = PBXFileReference; lastKnownFileType = sourcecode.swift; path = PropertyTypeFeature.swift; sourceTree = "<group>"; };
		0C3B218D2CCAA79200179174 /* CustomTextView.swift */ = {isa = PBXFileReference; lastKnownFileType = sourcecode.swift; path = CustomTextView.swift; sourceTree = "<group>"; };
		0C3B21912CCAA7B600179174 /* ContactPropertyView.swift */ = {isa = PBXFileReference; lastKnownFileType = sourcecode.swift; path = ContactPropertyView.swift; sourceTree = "<group>"; };
		0C926E322CD236C800CF5286 /* MenuDropDown.swift */ = {isa = PBXFileReference; lastKnownFileType = sourcecode.swift; path = MenuDropDown.swift; sourceTree = "<group>"; };
		0CA927F12CB2C06500F203DF /* GuestDashboardViewModel.swift */ = {isa = PBXFileReference; lastKnownFileType = sourcecode.swift; path = GuestDashboardViewModel.swift; sourceTree = "<group>"; };
		0CA927F42CB2E59800F203DF /* PropertyDetailview.swift */ = {isa = PBXFileReference; lastKnownFileType = sourcecode.swift; path = PropertyDetailview.swift; sourceTree = "<group>"; };
		0CEB59892CB007E400B995F8 /* PropertyFinder.app */ = {isa = PBXFileReference; explicitFileType = wrapper.application; includeInIndex = 0; path = PropertyFinder.app; sourceTree = BUILT_PRODUCTS_DIR; };
		0CEB598C2CB007E400B995F8 /* PropertyFinderApp.swift */ = {isa = PBXFileReference; lastKnownFileType = sourcecode.swift; path = PropertyFinderApp.swift; sourceTree = "<group>"; };
		0CEB59902CB007E500B995F8 /* Assets.xcassets */ = {isa = PBXFileReference; lastKnownFileType = folder.assetcatalog; path = Assets.xcassets; sourceTree = "<group>"; };
		0CEB59932CB007E500B995F8 /* Preview Assets.xcassets */ = {isa = PBXFileReference; lastKnownFileType = folder.assetcatalog; path = "Preview Assets.xcassets"; sourceTree = "<group>"; };
		0CEB59992CB007E500B995F8 /* PropertyFinderTests.xctest */ = {isa = PBXFileReference; explicitFileType = wrapper.cfbundle; includeInIndex = 0; path = PropertyFinderTests.xctest; sourceTree = BUILT_PRODUCTS_DIR; };
		0CEB599D2CB007E500B995F8 /* PropertyFinderTests.swift */ = {isa = PBXFileReference; lastKnownFileType = sourcecode.swift; path = PropertyFinderTests.swift; sourceTree = "<group>"; };
		0CEB59A32CB007E500B995F8 /* PropertyFinderUITests.xctest */ = {isa = PBXFileReference; explicitFileType = wrapper.cfbundle; includeInIndex = 0; path = PropertyFinderUITests.xctest; sourceTree = BUILT_PRODUCTS_DIR; };
		0CEB59A72CB007E500B995F8 /* PropertyFinderUITests.swift */ = {isa = PBXFileReference; lastKnownFileType = sourcecode.swift; path = PropertyFinderUITests.swift; sourceTree = "<group>"; };
		0CEB59A92CB007E500B995F8 /* PropertyFinderUITestsLaunchTests.swift */ = {isa = PBXFileReference; lastKnownFileType = sourcecode.swift; path = PropertyFinderUITestsLaunchTests.swift; sourceTree = "<group>"; };
		0CEB59B62CB0080600B995F8 /* BundleExtension.swift */ = {isa = PBXFileReference; fileEncoding = 4; lastKnownFileType = sourcecode.swift; path = BundleExtension.swift; sourceTree = "<group>"; };
		0CEB59B72CB0080600B995F8 /* Utils.swift */ = {isa = PBXFileReference; fileEncoding = 4; lastKnownFileType = sourcecode.swift; path = Utils.swift; sourceTree = "<group>"; };
		0CEB59B92CB0080600B995F8 /* PropertyViewModel.swift */ = {isa = PBXFileReference; fileEncoding = 4; lastKnownFileType = sourcecode.swift; path = PropertyViewModel.swift; sourceTree = "<group>"; };
		0CEB59BB2CB0080600B995F8 /* Property.swift */ = {isa = PBXFileReference; fileEncoding = 4; lastKnownFileType = sourcecode.swift; path = Property.swift; sourceTree = "<group>"; };
		0CEB59BD2CB0080700B995F8 /* ButtonSegment.swift */ = {isa = PBXFileReference; fileEncoding = 4; lastKnownFileType = sourcecode.swift; path = ButtonSegment.swift; sourceTree = "<group>"; };
		0CEB59BE2CB0080700B995F8 /* HeaderView.swift */ = {isa = PBXFileReference; fileEncoding = 4; lastKnownFileType = sourcecode.swift; path = HeaderView.swift; sourceTree = "<group>"; };
		0CEB59BF2CB0080700B995F8 /* Searchbar.swift */ = {isa = PBXFileReference; fileEncoding = 4; lastKnownFileType = sourcecode.swift; path = Searchbar.swift; sourceTree = "<group>"; };
		0CEB59C02CB0080700B995F8 /* SubHeaderView.swift */ = {isa = PBXFileReference; fileEncoding = 4; lastKnownFileType = sourcecode.swift; path = SubHeaderView.swift; sourceTree = "<group>"; };
		0CEB59C22CB0080700B995F8 /* CustomTabBarContainerView.swift */ = {isa = PBXFileReference; fileEncoding = 4; lastKnownFileType = sourcecode.swift; path = CustomTabBarContainerView.swift; sourceTree = "<group>"; };
		0CEB59C32CB0080700B995F8 /* CustomTabBarView.swift */ = {isa = PBXFileReference; fileEncoding = 4; lastKnownFileType = sourcecode.swift; path = CustomTabBarView.swift; sourceTree = "<group>"; };
		0CEB59C42CB0080700B995F8 /* TabBarItem.swift */ = {isa = PBXFileReference; fileEncoding = 4; lastKnownFileType = sourcecode.swift; path = TabBarItem.swift; sourceTree = "<group>"; };
		0CEB59C52CB0080700B995F8 /* TabBarPreferenceKey.swift */ = {isa = PBXFileReference; fileEncoding = 4; lastKnownFileType = sourcecode.swift; path = TabBarPreferenceKey.swift; sourceTree = "<group>"; };
		0CEB59C82CB0080700B995F8 /* GuestDashboard.swift */ = {isa = PBXFileReference; fileEncoding = 4; lastKnownFileType = sourcecode.swift; path = GuestDashboard.swift; sourceTree = "<group>"; };
		0CEB59C92CB0080700B995F8 /* PropertyListView.swift */ = {isa = PBXFileReference; fileEncoding = 4; lastKnownFileType = sourcecode.swift; path = PropertyListView.swift; sourceTree = "<group>"; };
		0CEB59F82CB0081D00B995F8 /* PropertyJson.json */ = {isa = PBXFileReference; fileEncoding = 4; lastKnownFileType = text.json; path = PropertyJson.json; sourceTree = "<group>"; };
/* End PBXFileReference section */

/* Begin PBXFrameworksBuildPhase section */
		0CEB59862CB007E400B995F8 /* Frameworks */ = {
			isa = PBXFrameworksBuildPhase;
			buildActionMask = 2147483647;
			files = (
			);
			runOnlyForDeploymentPostprocessing = 0;
		};
		0CEB59962CB007E500B995F8 /* Frameworks */ = {
			isa = PBXFrameworksBuildPhase;
			buildActionMask = 2147483647;
			files = (
			);
			runOnlyForDeploymentPostprocessing = 0;
		};
		0CEB59A02CB007E500B995F8 /* Frameworks */ = {
			isa = PBXFrameworksBuildPhase;
			buildActionMask = 2147483647;
			files = (
			);
			runOnlyForDeploymentPostprocessing = 0;
		};
/* End PBXFrameworksBuildPhase section */

/* Begin PBXGroup section */
		0C0B6ABF2CB5445E00C94DAD /* NavigationStack */ = {
			isa = PBXGroup;
			children = (
				0C0B6ACF2CB5472B00C94DAD /* NavView.swift */,
				0C0B6AD32CB548C500C94DAD /* NavBarView.swift */,
				0C0B6AD72CB5495A00C94DAD /* NavBarConainer.swift */,
				0C0B6ADB2CB54DEC00C94DAD /* NavLink.swift */,
				0C0B6AE32CB6803D00C94DAD /* NavPreferenceKey.swift */,
			);
			path = NavigationStack;
			sourceTree = "<group>";
		};
		0CEB59802CB007E400B995F8 = {
			isa = PBXGroup;
			children = (
				0CEB598B2CB007E400B995F8 /* PropertyFinder */,
				0CEB59F92CB0081D00B995F8 /* SupportingFiles */,
				0CEB599C2CB007E500B995F8 /* PropertyFinderTests */,
				0CEB59A62CB007E500B995F8 /* PropertyFinderUITests */,
				0CEB598A2CB007E400B995F8 /* Products */,
			);
			sourceTree = "<group>";
		};
		0CEB598A2CB007E400B995F8 /* Products */ = {
			isa = PBXGroup;
			children = (
				0CEB59892CB007E400B995F8 /* PropertyFinder.app */,
				0CEB59992CB007E500B995F8 /* PropertyFinderTests.xctest */,
				0CEB59A32CB007E500B995F8 /* PropertyFinderUITests.xctest */,
			);
			name = Products;
			sourceTree = "<group>";
		};
		0CEB598B2CB007E400B995F8 /* PropertyFinder */ = {
			isa = PBXGroup;
			children = (
				0CEB598C2CB007E400B995F8 /* PropertyFinderApp.swift */,
				0CEB59B82CB0080600B995F8 /* Extension */,
				0CEB59BC2CB0080600B995F8 /* Model */,
				0CEB59CA2CB0080700B995F8 /* View */,
				0CEB59BA2CB0080600B995F8 /* ViewModel */,
				0CEB59902CB007E500B995F8 /* Assets.xcassets */,
				0CEB59922CB007E500B995F8 /* Preview Content */,
			);
			path = PropertyFinder;
			sourceTree = "<group>";
		};
		0CEB59922CB007E500B995F8 /* Preview Content */ = {
			isa = PBXGroup;
			children = (
				0CEB59932CB007E500B995F8 /* Preview Assets.xcassets */,
			);
			path = "Preview Content";
			sourceTree = "<group>";
		};
		0CEB599C2CB007E500B995F8 /* PropertyFinderTests */ = {
			isa = PBXGroup;
			children = (
				0CEB599D2CB007E500B995F8 /* PropertyFinderTests.swift */,
			);
			path = PropertyFinderTests;
			sourceTree = "<group>";
		};
		0CEB59A62CB007E500B995F8 /* PropertyFinderUITests */ = {
			isa = PBXGroup;
			children = (
				0CEB59A72CB007E500B995F8 /* PropertyFinderUITests.swift */,
				0CEB59A92CB007E500B995F8 /* PropertyFinderUITestsLaunchTests.swift */,
			);
			path = PropertyFinderUITests;
			sourceTree = "<group>";
		};
		0CEB59B82CB0080600B995F8 /* Extension */ = {
			isa = PBXGroup;
			children = (
				0CEB59B62CB0080600B995F8 /* BundleExtension.swift */,
				0CEB59B72CB0080600B995F8 /* Utils.swift */,
			);
			path = Extension;
			sourceTree = "<group>";
		};
		0CEB59BA2CB0080600B995F8 /* ViewModel */ = {
			isa = PBXGroup;
			children = (
				0CEB59B92CB0080600B995F8 /* PropertyViewModel.swift */,
				0C0B6AE72CBAAEE800C94DAD /* PropertDetailsViewModel.swift */,
				0CA927F12CB2C06500F203DF /* GuestDashboardViewModel.swift */,
				0C0B6AEB2CBD0C2200C94DAD /* PropertyDetailsViewModel.swift */,
			);
			path = ViewModel;
			sourceTree = "<group>";
		};
		0CEB59BC2CB0080600B995F8 /* Model */ = {
			isa = PBXGroup;
			children = (
				0CEB59BB2CB0080600B995F8 /* Property.swift */,
			);
			path = Model;
			sourceTree = "<group>";
		};
		0CEB59C12CB0080700B995F8 /* Components */ = {
			isa = PBXGroup;
			children = (
				0CEB59BD2CB0080700B995F8 /* ButtonSegment.swift */,
				0C926E322CD236C800CF5286 /* MenuDropDown.swift */,
				0CEB59BE2CB0080700B995F8 /* HeaderView.swift */,
				0CEB59BF2CB0080700B995F8 /* Searchbar.swift */,
				0CEB59C02CB0080700B995F8 /* SubHeaderView.swift */,
				0C3B21792CCAA65800179174 /* AgentImageCircleView.swift */,
				0C3B217D2CCAA69600179174 /* PropertyFeature.swift */,
				0C3B21812CCAA6D900179174 /* PropertyImageview.swift */,
				0C3B21852CCAA6FA00179174 /* CircleImage.swift */,
				0C3B21892CCAA74A00179174 /* PropertyTypeFeature.swift */,
				0C3B218D2CCAA79200179174 /* CustomTextView.swift */,
				0C3B21912CCAA7B600179174 /* ContactPropertyView.swift */,
			);
			path = Components;
			sourceTree = "<group>";
		};
		0CEB59C62CB0080700B995F8 /* TabBar */ = {
			isa = PBXGroup;
			children = (
				0CEB59C22CB0080700B995F8 /* CustomTabBarContainerView.swift */,
				0CEB59C32CB0080700B995F8 /* CustomTabBarView.swift */,
				0CEB59C42CB0080700B995F8 /* TabBarItem.swift */,
				0CEB59C52CB0080700B995F8 /* TabBarPreferenceKey.swift */,
			);
			path = TabBar;
			sourceTree = "<group>";
		};
		0CEB59CA2CB0080700B995F8 /* View */ = {
			isa = PBXGroup;
			children = (
				0CEB59C12CB0080700B995F8 /* Components */,
				0C0B6ABF2CB5445E00C94DAD /* NavigationStack */,
				0CEB59C62CB0080700B995F8 /* TabBar */,
				0CEB59C82CB0080700B995F8 /* GuestDashboard.swift */,
				0CEB59C92CB0080700B995F8 /* PropertyListView.swift */,
				0CA927F42CB2E59800F203DF /* PropertyDetailview.swift */,
			);
			path = View;
			sourceTree = "<group>";
		};
		0CEB59F92CB0081D00B995F8 /* SupportingFiles */ = {
			isa = PBXGroup;
			children = (
				0CEB59F82CB0081D00B995F8 /* PropertyJson.json */,
			);
			path = SupportingFiles;
			sourceTree = "<group>";
		};
/* End PBXGroup section */

/* Begin PBXNativeTarget section */
		0CEB59882CB007E400B995F8 /* PropertyFinder */ = {
			isa = PBXNativeTarget;
			buildConfigurationList = 0CEB59AD2CB007E500B995F8 /* Build configuration list for PBXNativeTarget "PropertyFinder" */;
			buildPhases = (
				0CEB59852CB007E400B995F8 /* Sources */,
				0CEB59862CB007E400B995F8 /* Frameworks */,
				0CEB59872CB007E400B995F8 /* Resources */,
			);
			buildRules = (
			);
			dependencies = (
			);
			name = PropertyFinder;
			productName = PropertyFinder;
			productReference = 0CEB59892CB007E400B995F8 /* PropertyFinder.app */;
			productType = "com.apple.product-type.application";
		};
		0CEB59982CB007E500B995F8 /* PropertyFinderTests */ = {
			isa = PBXNativeTarget;
			buildConfigurationList = 0CEB59B02CB007E500B995F8 /* Build configuration list for PBXNativeTarget "PropertyFinderTests" */;
			buildPhases = (
				0CEB59952CB007E500B995F8 /* Sources */,
				0CEB59962CB007E500B995F8 /* Frameworks */,
				0CEB59972CB007E500B995F8 /* Resources */,
			);
			buildRules = (
			);
			dependencies = (
				0CEB599B2CB007E500B995F8 /* PBXTargetDependency */,
			);
			name = PropertyFinderTests;
			productName = PropertyFinderTests;
			productReference = 0CEB59992CB007E500B995F8 /* PropertyFinderTests.xctest */;
			productType = "com.apple.product-type.bundle.unit-test";
		};
		0CEB59A22CB007E500B995F8 /* PropertyFinderUITests */ = {
			isa = PBXNativeTarget;
			buildConfigurationList = 0CEB59B32CB007E500B995F8 /* Build configuration list for PBXNativeTarget "PropertyFinderUITests" */;
			buildPhases = (
				0CEB599F2CB007E500B995F8 /* Sources */,
				0CEB59A02CB007E500B995F8 /* Frameworks */,
				0CEB59A12CB007E500B995F8 /* Resources */,
			);
			buildRules = (
			);
			dependencies = (
				0CEB59A52CB007E500B995F8 /* PBXTargetDependency */,
			);
			name = PropertyFinderUITests;
			productName = PropertyFinderUITests;
			productReference = 0CEB59A32CB007E500B995F8 /* PropertyFinderUITests.xctest */;
			productType = "com.apple.product-type.bundle.ui-testing";
		};
/* End PBXNativeTarget section */

/* Begin PBXProject section */
		0CEB59812CB007E400B995F8 /* Project object */ = {
			isa = PBXProject;
			attributes = {
				BuildIndependentTargetsInParallel = 1;
				LastSwiftUpdateCheck = 1530;
				LastUpgradeCheck = 1530;
				TargetAttributes = {
					0CEB59882CB007E400B995F8 = {
						CreatedOnToolsVersion = 15.3;
					};
					0CEB59982CB007E500B995F8 = {
						CreatedOnToolsVersion = 15.3;
						TestTargetID = 0CEB59882CB007E400B995F8;
					};
					0CEB59A22CB007E500B995F8 = {
						CreatedOnToolsVersion = 15.3;
						TestTargetID = 0CEB59882CB007E400B995F8;
					};
				};
			};
			buildConfigurationList = 0CEB59842CB007E400B995F8 /* Build configuration list for PBXProject "PropertyFinder" */;
			compatibilityVersion = "Xcode 14.0";
			developmentRegion = en;
			hasScannedForEncodings = 0;
			knownRegions = (
				en,
				Base,
			);
			mainGroup = 0CEB59802CB007E400B995F8;
			productRefGroup = 0CEB598A2CB007E400B995F8 /* Products */;
			projectDirPath = "";
			projectRoot = "";
			targets = (
				0CEB59882CB007E400B995F8 /* PropertyFinder */,
				0CEB59982CB007E500B995F8 /* PropertyFinderTests */,
				0CEB59A22CB007E500B995F8 /* PropertyFinderUITests */,
			);
		};
/* End PBXProject section */

/* Begin PBXResourcesBuildPhase section */
		0CEB59872CB007E400B995F8 /* Resources */ = {
			isa = PBXResourcesBuildPhase;
			buildActionMask = 2147483647;
			files = (
				0CEB59942CB007E500B995F8 /* Preview Assets.xcassets in Resources */,
				0CEB59912CB007E500B995F8 /* Assets.xcassets in Resources */,
				0CEB59FA2CB0081E00B995F8 /* PropertyJson.json in Resources */,
			);
			runOnlyForDeploymentPostprocessing = 0;
		};
		0CEB59972CB007E500B995F8 /* Resources */ = {
			isa = PBXResourcesBuildPhase;
			buildActionMask = 2147483647;
			files = (
				0CEB59FB2CB0081E00B995F8 /* PropertyJson.json in Resources */,
			);
			runOnlyForDeploymentPostprocessing = 0;
		};
		0CEB59A12CB007E500B995F8 /* Resources */ = {
			isa = PBXResourcesBuildPhase;
			buildActionMask = 2147483647;
			files = (
				0CEB59FC2CB0081E00B995F8 /* PropertyJson.json in Resources */,
			);
			runOnlyForDeploymentPostprocessing = 0;
		};
/* End PBXResourcesBuildPhase section */

/* Begin PBXSourcesBuildPhase section */
		0CEB59852CB007E400B995F8 /* Sources */ = {
			isa = PBXSourcesBuildPhase;
			buildActionMask = 2147483647;
			files = (
				0C0B6AE42CB6803D00C94DAD /* NavPreferenceKey.swift in Sources */,
				0C3B217E2CCAA69600179174 /* PropertyFeature.swift in Sources */,
				0CEB59EC2CB0080700B995F8 /* TabBarPreferenceKey.swift in Sources */,
				0C0B6AEC2CBD0C2200C94DAD /* PropertyDetailsViewModel.swift in Sources */,
				0CEB59D42CB0080700B995F8 /* Property.swift in Sources */,
				0CEB598D2CB007E400B995F8 /* PropertyFinderApp.swift in Sources */,
				0CEB59CB2CB0080700B995F8 /* BundleExtension.swift in Sources */,
				0CA927F22CB2C06500F203DF /* GuestDashboardViewModel.swift in Sources */,
				0C0B6AD42CB548C500C94DAD /* NavBarView.swift in Sources */,
				0CEB59D72CB0080700B995F8 /* ButtonSegment.swift in Sources */,
				0C0B6AD02CB5472B00C94DAD /* NavView.swift in Sources */,
				0C0B6AD82CB5495A00C94DAD /* NavBarConainer.swift in Sources */,
				0CEB59CE2CB0080700B995F8 /* Utils.swift in Sources */,
				0C0B6AE82CBAAEE800C94DAD /* PropertDetailsViewModel.swift in Sources */,
				0C3B218A2CCAA74A00179174 /* PropertyTypeFeature.swift in Sources */,
				0C926E352CD236C800CF5286 /* MenuDropDown.swift in Sources */,
				0CEB59E02CB0080700B995F8 /* SubHeaderView.swift in Sources */,
				0CEB59F22CB0080700B995F8 /* GuestDashboard.swift in Sources */,
				0C3B21862CCAA6FA00179174 /* CircleImage.swift in Sources */,
				0CEB59E92CB0080700B995F8 /* TabBarItem.swift in Sources */,
				0C3B21822CCAA6D900179174 /* PropertyImageview.swift in Sources */,
				0C0B6ADC2CB54DEC00C94DAD /* NavLink.swift in Sources */,
				0CEB59DD2CB0080700B995F8 /* Searchbar.swift in Sources */,
				0C3B21922CCAA7B600179174 /* ContactPropertyView.swift in Sources */,
				0CA927F52CB2E59800F203DF /* PropertyDetailview.swift in Sources */,
				0CEB59D12CB0080700B995F8 /* PropertyViewModel.swift in Sources */,
				0CEB59DA2CB0080700B995F8 /* HeaderView.swift in Sources */,
				0CEB59F52CB0080700B995F8 /* PropertyListView.swift in Sources */,
				0C3B218E2CCAA79200179174 /* CustomTextView.swift in Sources */,
				0CEB59E32CB0080700B995F8 /* CustomTabBarContainerView.swift in Sources */,
				0CEB59E62CB0080700B995F8 /* CustomTabBarView.swift in Sources */,
				0C3B217A2CCAA65800179174 /* AgentImageCircleView.swift in Sources */,
			);
			runOnlyForDeploymentPostprocessing = 0;
		};
		0CEB59952CB007E500B995F8 /* Sources */ = {
			isa = PBXSourcesBuildPhase;
			buildActionMask = 2147483647;
			files = (
				0C0B6AE52CB6803D00C94DAD /* NavPreferenceKey.swift in Sources */,
				0C3B217F2CCAA69600179174 /* PropertyFeature.swift in Sources */,
				0CEB59ED2CB0080700B995F8 /* TabBarPreferenceKey.swift in Sources */,
				0C0B6AED2CBD0C2200C94DAD /* PropertyDetailsViewModel.swift in Sources */,
				0CEB59D52CB0080700B995F8 /* Property.swift in Sources */,
				0CEB599E2CB007E500B995F8 /* PropertyFinderTests.swift in Sources */,
				0CEB59CC2CB0080700B995F8 /* BundleExtension.swift in Sources */,
				0CA927F32CB2C06500F203DF /* GuestDashboardViewModel.swift in Sources */,
				0C0B6AD52CB548C500C94DAD /* NavBarView.swift in Sources */,
				0CEB59D82CB0080700B995F8 /* ButtonSegment.swift in Sources */,
				0C0B6AD12CB5472B00C94DAD /* NavView.swift in Sources */,
				0C0B6AD92CB5495A00C94DAD /* NavBarConainer.swift in Sources */,
				0CEB59CF2CB0080700B995F8 /* Utils.swift in Sources */,
				0C0B6AE92CBAAEE800C94DAD /* PropertDetailsViewModel.swift in Sources */,
				0C3B218B2CCAA74A00179174 /* PropertyTypeFeature.swift in Sources */,
				0C926E342CD236C800CF5286 /* MenuDropDown.swift in Sources */,
				0CEB59E12CB0080700B995F8 /* SubHeaderView.swift in Sources */,
				0CEB59F32CB0080700B995F8 /* GuestDashboard.swift in Sources */,
				0C3B21872CCAA6FA00179174 /* CircleImage.swift in Sources */,
				0CEB59EA2CB0080700B995F8 /* TabBarItem.swift in Sources */,
				0C3B21832CCAA6D900179174 /* PropertyImageview.swift in Sources */,
				0C0B6ADD2CB54DEC00C94DAD /* NavLink.swift in Sources */,
				0CEB59DE2CB0080700B995F8 /* Searchbar.swift in Sources */,
				0C3B21932CCAA7B600179174 /* ContactPropertyView.swift in Sources */,
				0CA927F62CB2E59800F203DF /* PropertyDetailview.swift in Sources */,
				0CEB59D22CB0080700B995F8 /* PropertyViewModel.swift in Sources */,
				0CEB59DB2CB0080700B995F8 /* HeaderView.swift in Sources */,
				0CEB59F62CB0080700B995F8 /* PropertyListView.swift in Sources */,
				0C3B218F2CCAA79200179174 /* CustomTextView.swift in Sources */,
				0CEB59E42CB0080700B995F8 /* CustomTabBarContainerView.swift in Sources */,
				0CEB59E72CB0080700B995F8 /* CustomTabBarView.swift in Sources */,
				0C3B217B2CCAA65800179174 /* AgentImageCircleView.swift in Sources */,
			);
			runOnlyForDeploymentPostprocessing = 0;
		};
		0CEB599F2CB007E500B995F8 /* Sources */ = {
			isa = PBXSourcesBuildPhase;
			buildActionMask = 2147483647;
			files = (
				0C3B21942CCAA7B600179174 /* ContactPropertyView.swift in Sources */,
				0CEB59D62CB0080700B995F8 /* Property.swift in Sources */,
				0C926E332CD236C800CF5286 /* MenuDropDown.swift in Sources */,
				0CA927F92CB3122900F203DF /* PropertyListView.swift in Sources */,
				0CEB59A82CB007E500B995F8 /* PropertyFinderUITests.swift in Sources */,
				0CEB59E52CB0080700B995F8 /* CustomTabBarContainerView.swift in Sources */,
				0CEB59E82CB0080700B995F8 /* CustomTabBarView.swift in Sources */,
				0CEB59D92CB0080700B995F8 /* ButtonSegment.swift in Sources */,
				0C0B6AE62CB6803D00C94DAD /* NavPreferenceKey.swift in Sources */,
				0CEB59AA2CB007E500B995F8 /* PropertyFinderUITestsLaunchTests.swift in Sources */,
				0CEB59E22CB0080700B995F8 /* SubHeaderView.swift in Sources */,
				0C0B6AD62CB548C500C94DAD /* NavBarView.swift in Sources */,
				0C3B217C2CCAA65800179174 /* AgentImageCircleView.swift in Sources */,
				0CA927F82CB3122200F203DF /* GuestDashboardViewModel.swift in Sources */,
				0C3B21802CCAA69600179174 /* PropertyFeature.swift in Sources */,
				0CEB59D32CB0080700B995F8 /* PropertyViewModel.swift in Sources */,
				0C0B6ADE2CB54DEC00C94DAD /* NavLink.swift in Sources */,
				0C3B21882CCAA6FA00179174 /* CircleImage.swift in Sources */,
				0CEB59DF2CB0080700B995F8 /* Searchbar.swift in Sources */,
				0C0B6AEE2CBD0C2200C94DAD /* PropertyDetailsViewModel.swift in Sources */,
				0C3B21842CCAA6D900179174 /* PropertyImageview.swift in Sources */,
				0C0B6AEA2CBAAEE800C94DAD /* PropertDetailsViewModel.swift in Sources */,
				0CEB59EB2CB0080700B995F8 /* TabBarItem.swift in Sources */,
				0C3B21902CCAA79200179174 /* CustomTextView.swift in Sources */,
				0CEB59EE2CB0080700B995F8 /* TabBarPreferenceKey.swift in Sources */,
				0CA927F72CB2E59800F203DF /* PropertyDetailview.swift in Sources */,
				0CEB59CD2CB0080700B995F8 /* BundleExtension.swift in Sources */,
				0C0B6AD22CB5472B00C94DAD /* NavView.swift in Sources */,
				0CEB59D02CB0080700B995F8 /* Utils.swift in Sources */,
				0CEB59DC2CB0080700B995F8 /* HeaderView.swift in Sources */,
				0C3B218C2CCAA74A00179174 /* PropertyTypeFeature.swift in Sources */,
				0CEB59F42CB0080700B995F8 /* GuestDashboard.swift in Sources */,
				0C0B6ADA2CB5495A00C94DAD /* NavBarConainer.swift in Sources */,
			);
			runOnlyForDeploymentPostprocessing = 0;
		};
/* End PBXSourcesBuildPhase section */

/* Begin PBXTargetDependency section */
		0CEB599B2CB007E500B995F8 /* PBXTargetDependency */ = {
			isa = PBXTargetDependency;
			target = 0CEB59882CB007E400B995F8 /* PropertyFinder */;
			targetProxy = 0CEB599A2CB007E500B995F8 /* PBXContainerItemProxy */;
		};
		0CEB59A52CB007E500B995F8 /* PBXTargetDependency */ = {
			isa = PBXTargetDependency;
			target = 0CEB59882CB007E400B995F8 /* PropertyFinder */;
			targetProxy = 0CEB59A42CB007E500B995F8 /* PBXContainerItemProxy */;
		};
/* End PBXTargetDependency section */

/* Begin XCBuildConfiguration section */
		0CEB59AB2CB007E500B995F8 /* Debug */ = {
			isa = XCBuildConfiguration;
			buildSettings = {
				ALWAYS_SEARCH_USER_PATHS = NO;
				ASSETCATALOG_COMPILER_GENERATE_SWIFT_ASSET_SYMBOL_EXTENSIONS = YES;
				CLANG_ANALYZER_NONNULL = YES;
				CLANG_ANALYZER_NUMBER_OBJECT_CONVERSION = YES_AGGRESSIVE;
				CLANG_CXX_LANGUAGE_STANDARD = "gnu++20";
				CLANG_ENABLE_MODULES = YES;
				CLANG_ENABLE_OBJC_ARC = YES;
				CLANG_ENABLE_OBJC_WEAK = YES;
				CLANG_WARN_BLOCK_CAPTURE_AUTORELEASING = YES;
				CLANG_WARN_BOOL_CONVERSION = YES;
				CLANG_WARN_COMMA = YES;
				CLANG_WARN_CONSTANT_CONVERSION = YES;
				CLANG_WARN_DEPRECATED_OBJC_IMPLEMENTATIONS = YES;
				CLANG_WARN_DIRECT_OBJC_ISA_USAGE = YES_ERROR;
				CLANG_WARN_DOCUMENTATION_COMMENTS = YES;
				CLANG_WARN_EMPTY_BODY = YES;
				CLANG_WARN_ENUM_CONVERSION = YES;
				CLANG_WARN_INFINITE_RECURSION = YES;
				CLANG_WARN_INT_CONVERSION = YES;
				CLANG_WARN_NON_LITERAL_NULL_CONVERSION = YES;
				CLANG_WARN_OBJC_IMPLICIT_RETAIN_SELF = YES;
				CLANG_WARN_OBJC_LITERAL_CONVERSION = YES;
				CLANG_WARN_OBJC_ROOT_CLASS = YES_ERROR;
				CLANG_WARN_QUOTED_INCLUDE_IN_FRAMEWORK_HEADER = YES;
				CLANG_WARN_RANGE_LOOP_ANALYSIS = YES;
				CLANG_WARN_STRICT_PROTOTYPES = YES;
				CLANG_WARN_SUSPICIOUS_MOVE = YES;
				CLANG_WARN_UNGUARDED_AVAILABILITY = YES_AGGRESSIVE;
				CLANG_WARN_UNREACHABLE_CODE = YES;
				CLANG_WARN__DUPLICATE_METHOD_MATCH = YES;
				COPY_PHASE_STRIP = NO;
				DEBUG_INFORMATION_FORMAT = dwarf;
				ENABLE_STRICT_OBJC_MSGSEND = YES;
				ENABLE_TESTABILITY = YES;
				ENABLE_USER_SCRIPT_SANDBOXING = YES;
				GCC_C_LANGUAGE_STANDARD = gnu17;
				GCC_DYNAMIC_NO_PIC = NO;
				GCC_NO_COMMON_BLOCKS = YES;
				GCC_OPTIMIZATION_LEVEL = 0;
				GCC_PREPROCESSOR_DEFINITIONS = (
					"DEBUG=1",
					"$(inherited)",
				);
				GCC_WARN_64_TO_32_BIT_CONVERSION = YES;
				GCC_WARN_ABOUT_RETURN_TYPE = YES_ERROR;
				GCC_WARN_UNDECLARED_SELECTOR = YES;
				GCC_WARN_UNINITIALIZED_AUTOS = YES_AGGRESSIVE;
				GCC_WARN_UNUSED_FUNCTION = YES;
				GCC_WARN_UNUSED_VARIABLE = YES;
				IPHONEOS_DEPLOYMENT_TARGET = 17.4;
				LOCALIZATION_PREFERS_STRING_CATALOGS = YES;
				MTL_ENABLE_DEBUG_INFO = INCLUDE_SOURCE;
				MTL_FAST_MATH = YES;
				ONLY_ACTIVE_ARCH = YES;
				SDKROOT = iphoneos;
				SWIFT_ACTIVE_COMPILATION_CONDITIONS = "DEBUG $(inherited)";
				SWIFT_OPTIMIZATION_LEVEL = "-Onone";
			};
			name = Debug;
		};
		0CEB59AC2CB007E500B995F8 /* Release */ = {
			isa = XCBuildConfiguration;
			buildSettings = {
				ALWAYS_SEARCH_USER_PATHS = NO;
				ASSETCATALOG_COMPILER_GENERATE_SWIFT_ASSET_SYMBOL_EXTENSIONS = YES;
				CLANG_ANALYZER_NONNULL = YES;
				CLANG_ANALYZER_NUMBER_OBJECT_CONVERSION = YES_AGGRESSIVE;
				CLANG_CXX_LANGUAGE_STANDARD = "gnu++20";
				CLANG_ENABLE_MODULES = YES;
				CLANG_ENABLE_OBJC_ARC = YES;
				CLANG_ENABLE_OBJC_WEAK = YES;
				CLANG_WARN_BLOCK_CAPTURE_AUTORELEASING = YES;
				CLANG_WARN_BOOL_CONVERSION = YES;
				CLANG_WARN_COMMA = YES;
				CLANG_WARN_CONSTANT_CONVERSION = YES;
				CLANG_WARN_DEPRECATED_OBJC_IMPLEMENTATIONS = YES;
				CLANG_WARN_DIRECT_OBJC_ISA_USAGE = YES_ERROR;
				CLANG_WARN_DOCUMENTATION_COMMENTS = YES;
				CLANG_WARN_EMPTY_BODY = YES;
				CLANG_WARN_ENUM_CONVERSION = YES;
				CLANG_WARN_INFINITE_RECURSION = YES;
				CLANG_WARN_INT_CONVERSION = YES;
				CLANG_WARN_NON_LITERAL_NULL_CONVERSION = YES;
				CLANG_WARN_OBJC_IMPLICIT_RETAIN_SELF = YES;
				CLANG_WARN_OBJC_LITERAL_CONVERSION = YES;
				CLANG_WARN_OBJC_ROOT_CLASS = YES_ERROR;
				CLANG_WARN_QUOTED_INCLUDE_IN_FRAMEWORK_HEADER = YES;
				CLANG_WARN_RANGE_LOOP_ANALYSIS = YES;
				CLANG_WARN_STRICT_PROTOTYPES = YES;
				CLANG_WARN_SUSPICIOUS_MOVE = YES;
				CLANG_WARN_UNGUARDED_AVAILABILITY = YES_AGGRESSIVE;
				CLANG_WARN_UNREACHABLE_CODE = YES;
				CLANG_WARN__DUPLICATE_METHOD_MATCH = YES;
				COPY_PHASE_STRIP = NO;
				DEBUG_INFORMATION_FORMAT = "dwarf-with-dsym";
				ENABLE_NS_ASSERTIONS = NO;
				ENABLE_STRICT_OBJC_MSGSEND = YES;
				ENABLE_USER_SCRIPT_SANDBOXING = YES;
				GCC_C_LANGUAGE_STANDARD = gnu17;
				GCC_NO_COMMON_BLOCKS = YES;
				GCC_WARN_64_TO_32_BIT_CONVERSION = YES;
				GCC_WARN_ABOUT_RETURN_TYPE = YES_ERROR;
				GCC_WARN_UNDECLARED_SELECTOR = YES;
				GCC_WARN_UNINITIALIZED_AUTOS = YES_AGGRESSIVE;
				GCC_WARN_UNUSED_FUNCTION = YES;
				GCC_WARN_UNUSED_VARIABLE = YES;
				IPHONEOS_DEPLOYMENT_TARGET = 17.4;
				LOCALIZATION_PREFERS_STRING_CATALOGS = YES;
				MTL_ENABLE_DEBUG_INFO = NO;
				MTL_FAST_MATH = YES;
				SDKROOT = iphoneos;
				SWIFT_COMPILATION_MODE = wholemodule;
				VALIDATE_PRODUCT = YES;
			};
			name = Release;
		};
		0CEB59AE2CB007E500B995F8 /* Debug */ = {
			isa = XCBuildConfiguration;
			buildSettings = {
				ASSETCATALOG_COMPILER_APPICON_NAME = AppIcon;
				ASSETCATALOG_COMPILER_GLOBAL_ACCENT_COLOR_NAME = AccentColor;
				CODE_SIGN_STYLE = Automatic;
				CURRENT_PROJECT_VERSION = 1;
				DEVELOPMENT_ASSET_PATHS = "\"PropertyFinder/Preview Content\"";
				DEVELOPMENT_TEAM = RKBXZ47LZ8;
				ENABLE_PREVIEWS = YES;
				GENERATE_INFOPLIST_FILE = YES;
				INFOPLIST_KEY_UIApplicationSceneManifest_Generation = YES;
				INFOPLIST_KEY_UIApplicationSupportsIndirectInputEvents = YES;
				INFOPLIST_KEY_UILaunchScreen_Generation = YES;
				INFOPLIST_KEY_UISupportedInterfaceOrientations_iPad = "UIInterfaceOrientationPortrait UIInterfaceOrientationPortraitUpsideDown UIInterfaceOrientationLandscapeLeft UIInterfaceOrientationLandscapeRight";
				INFOPLIST_KEY_UISupportedInterfaceOrientations_iPhone = "UIInterfaceOrientationPortrait UIInterfaceOrientationLandscapeLeft UIInterfaceOrientationLandscapeRight";
				LD_RUNPATH_SEARCH_PATHS = (
					"$(inherited)",
					"@executable_path/Frameworks",
				);
				MARKETING_VERSION = 1.0;
				PRODUCT_BUNDLE_IDENTIFIER = com.jafar.PropertyFinder;
				PRODUCT_NAME = "$(TARGET_NAME)";
				SWIFT_EMIT_LOC_STRINGS = YES;
				SWIFT_VERSION = 5.0;
				TARGETED_DEVICE_FAMILY = "1,2";
			};
			name = Debug;
		};
		0CEB59AF2CB007E500B995F8 /* Release */ = {
			isa = XCBuildConfiguration;
			buildSettings = {
				ASSETCATALOG_COMPILER_APPICON_NAME = AppIcon;
				ASSETCATALOG_COMPILER_GLOBAL_ACCENT_COLOR_NAME = AccentColor;
				CODE_SIGN_STYLE = Automatic;
				CURRENT_PROJECT_VERSION = 1;
				DEVELOPMENT_ASSET_PATHS = "\"PropertyFinder/Preview Content\"";
				DEVELOPMENT_TEAM = RKBXZ47LZ8;
				ENABLE_PREVIEWS = YES;
				GENERATE_INFOPLIST_FILE = YES;
				INFOPLIST_KEY_UIApplicationSceneManifest_Generation = YES;
				INFOPLIST_KEY_UIApplicationSupportsIndirectInputEvents = YES;
				INFOPLIST_KEY_UILaunchScreen_Generation = YES;
				INFOPLIST_KEY_UISupportedInterfaceOrientations_iPad = "UIInterfaceOrientationPortrait UIInterfaceOrientationPortraitUpsideDown UIInterfaceOrientationLandscapeLeft UIInterfaceOrientationLandscapeRight";
				INFOPLIST_KEY_UISupportedInterfaceOrientations_iPhone = "UIInterfaceOrientationPortrait UIInterfaceOrientationLandscapeLeft UIInterfaceOrientationLandscapeRight";
				LD_RUNPATH_SEARCH_PATHS = (
					"$(inherited)",
					"@executable_path/Frameworks",
				);
				MARKETING_VERSION = 1.0;
				PRODUCT_BUNDLE_IDENTIFIER = com.jafar.PropertyFinder;
				PRODUCT_NAME = "$(TARGET_NAME)";
				SWIFT_EMIT_LOC_STRINGS = YES;
				SWIFT_VERSION = 5.0;
				TARGETED_DEVICE_FAMILY = "1,2";
			};
			name = Release;
		};
		0CEB59B12CB007E500B995F8 /* Debug */ = {
			isa = XCBuildConfiguration;
			buildSettings = {
				ALWAYS_EMBED_SWIFT_STANDARD_LIBRARIES = YES;
				BUNDLE_LOADER = "$(TEST_HOST)";
				CODE_SIGN_STYLE = Automatic;
				CURRENT_PROJECT_VERSION = 1;
				DEVELOPMENT_TEAM = RKBXZ47LZ8;
				GENERATE_INFOPLIST_FILE = YES;
				IPHONEOS_DEPLOYMENT_TARGET = 17.4;
				MARKETING_VERSION = 1.0;
				PRODUCT_BUNDLE_IDENTIFIER = com.jafar.PropertyFinderTests;
				PRODUCT_NAME = "$(TARGET_NAME)";
				SWIFT_EMIT_LOC_STRINGS = NO;
				SWIFT_VERSION = 5.0;
				TARGETED_DEVICE_FAMILY = "1,2";
				TEST_HOST = "$(BUILT_PRODUCTS_DIR)/PropertyFinder.app/$(BUNDLE_EXECUTABLE_FOLDER_PATH)/PropertyFinder";
			};
			name = Debug;
		};
		0CEB59B22CB007E500B995F8 /* Release */ = {
			isa = XCBuildConfiguration;
			buildSettings = {
				ALWAYS_EMBED_SWIFT_STANDARD_LIBRARIES = YES;
				BUNDLE_LOADER = "$(TEST_HOST)";
				CODE_SIGN_STYLE = Automatic;
				CURRENT_PROJECT_VERSION = 1;
				DEVELOPMENT_TEAM = RKBXZ47LZ8;
				GENERATE_INFOPLIST_FILE = YES;
				IPHONEOS_DEPLOYMENT_TARGET = 17.4;
				MARKETING_VERSION = 1.0;
				PRODUCT_BUNDLE_IDENTIFIER = com.jafar.PropertyFinderTests;
				PRODUCT_NAME = "$(TARGET_NAME)";
				SWIFT_EMIT_LOC_STRINGS = NO;
				SWIFT_VERSION = 5.0;
				TARGETED_DEVICE_FAMILY = "1,2";
				TEST_HOST = "$(BUILT_PRODUCTS_DIR)/PropertyFinder.app/$(BUNDLE_EXECUTABLE_FOLDER_PATH)/PropertyFinder";
			};
			name = Release;
		};
		0CEB59B42CB007E500B995F8 /* Debug */ = {
			isa = XCBuildConfiguration;
			buildSettings = {
				ALWAYS_EMBED_SWIFT_STANDARD_LIBRARIES = YES;
				CODE_SIGN_STYLE = Automatic;
				CURRENT_PROJECT_VERSION = 1;
				DEVELOPMENT_TEAM = RKBXZ47LZ8;
				GENERATE_INFOPLIST_FILE = YES;
				MARKETING_VERSION = 1.0;
				PRODUCT_BUNDLE_IDENTIFIER = com.jafar.PropertyFinderUITests;
				PRODUCT_NAME = "$(TARGET_NAME)";
				SWIFT_EMIT_LOC_STRINGS = NO;
				SWIFT_VERSION = 5.0;
				TARGETED_DEVICE_FAMILY = "1,2";
				TEST_TARGET_NAME = PropertyFinder;
			};
			name = Debug;
		};
		0CEB59B52CB007E500B995F8 /* Release */ = {
			isa = XCBuildConfiguration;
			buildSettings = {
				ALWAYS_EMBED_SWIFT_STANDARD_LIBRARIES = YES;
				CODE_SIGN_STYLE = Automatic;
				CURRENT_PROJECT_VERSION = 1;
				DEVELOPMENT_TEAM = RKBXZ47LZ8;
				GENERATE_INFOPLIST_FILE = YES;
				MARKETING_VERSION = 1.0;
				PRODUCT_BUNDLE_IDENTIFIER = com.jafar.PropertyFinderUITests;
				PRODUCT_NAME = "$(TARGET_NAME)";
				SWIFT_EMIT_LOC_STRINGS = NO;
				SWIFT_VERSION = 5.0;
				TARGETED_DEVICE_FAMILY = "1,2";
				TEST_TARGET_NAME = PropertyFinder;
			};
			name = Release;
		};
/* End XCBuildConfiguration section */

/* Begin XCConfigurationList section */
		0CEB59842CB007E400B995F8 /* Build configuration list for PBXProject "PropertyFinder" */ = {
			isa = XCConfigurationList;
			buildConfigurations = (
				0CEB59AB2CB007E500B995F8 /* Debug */,
				0CEB59AC2CB007E500B995F8 /* Release */,
			);
			defaultConfigurationIsVisible = 0;
			defaultConfigurationName = Release;
		};
		0CEB59AD2CB007E500B995F8 /* Build configuration list for PBXNativeTarget "PropertyFinder" */ = {
			isa = XCConfigurationList;
			buildConfigurations = (
				0CEB59AE2CB007E500B995F8 /* Debug */,
				0CEB59AF2CB007E500B995F8 /* Release */,
			);
			defaultConfigurationIsVisible = 0;
			defaultConfigurationName = Release;
		};
		0CEB59B02CB007E500B995F8 /* Build configuration list for PBXNativeTarget "PropertyFinderTests" */ = {
			isa = XCConfigurationList;
			buildConfigurations = (
				0CEB59B12CB007E500B995F8 /* Debug */,
				0CEB59B22CB007E500B995F8 /* Release */,
			);
			defaultConfigurationIsVisible = 0;
			defaultConfigurationName = Release;
		};
		0CEB59B32CB007E500B995F8 /* Build configuration list for PBXNativeTarget "PropertyFinderUITests" */ = {
			isa = XCConfigurationList;
			buildConfigurations = (
				0CEB59B42CB007E500B995F8 /* Debug */,
				0CEB59B52CB007E500B995F8 /* Release */,
			);
			defaultConfigurationIsVisible = 0;
			defaultConfigurationName = Release;
		};
/* End XCConfigurationList section */
	};
	rootObject = 0CEB59812CB007E400B995F8 /* Project object */;
}
